
Microsoft Visual Studio Solution File, Format Version 12.00
# Visual Studio 2013
VisualStudioVersion = 12.0.31101.0
MinimumVisualStudioVersion = 10.0.40219.1
Project("{FAE04EC0-301F-11D3-BF4B-00C04F79EFBC}") = "app", "app\app.csproj", "{B368243F-B394-4D72-91B7-5A6F80EC0A10}"
EndProject
Project("{FAE04EC0-301F-11D3-BF4B-00C04F79EFBC}") = "framework", "framework\framework.csproj", "{4E3A54B3-66DF-4E09-B2B6-65690FF8122E}"
EndProject
Project("{FAE04EC0-301F-11D3-BF4B-00C04F79EFBC}") = "testing", "testing\testing.csproj", "{9AA9E4A9-1677-4521-837F-E4C4E3631F3C}"
EndProject
Project("{2150E333-8FDC-42A3-9474-1A3956D46DE8}") = "Solution Items", "Solution Items", "{F55003A8-BE55-4319-AD65-1FB8558B614E}"
	ProjectSection(SolutionItems) = preProject
		..\.gitattributes = ..\.gitattributes
		..\.gitignore = ..\.gitignore
		gruntfile.js = gruntfile.js
		karma.conf.js = karma.conf.js
		..\LICENSE = ..\LICENSE
		license.txt = license.txt
		package.json = package.json
		..\README.md = ..\README.md
		tsd.test.json = tsd.test.json
		tslint.json = tslint.json
	EndProjectSection
EndProject
Global
	GlobalSection(SolutionConfigurationPlatforms) = preSolution
		Debug|Any CPU = Debug|Any CPU
		Release|Any CPU = Release|Any CPU
	EndGlobalSection
	GlobalSection(ProjectConfigurationPlatforms) = postSolution
		{B368243F-B394-4D72-91B7-5A6F80EC0A10}.Debug|Any CPU.ActiveCfg = Debug|Any CPU
		{B368243F-B394-4D72-91B7-5A6F80EC0A10}.Release|Any CPU.ActiveCfg = Release|Any CPU
		{B368243F-B394-4D72-91B7-5A6F80EC0A10}.Release|Any CPU.Build.0 = Release|Any CPU
		{4E3A54B3-66DF-4E09-B2B6-65690FF8122E}.Debug|Any CPU.ActiveCfg = Debug|Any CPU
		{4E3A54B3-66DF-4E09-B2B6-65690FF8122E}.Debug|Any CPU.Build.0 = Debug|Any CPU
		{4E3A54B3-66DF-4E09-B2B6-65690FF8122E}.Release|Any CPU.ActiveCfg = Release|Any CPU
		{4E3A54B3-66DF-4E09-B2B6-65690FF8122E}.Release|Any CPU.Build.0 = Release|Any CPU
		{9AA9E4A9-1677-4521-837F-E4C4E3631F3C}.Debug|Any CPU.ActiveCfg = Debug|Any CPU
		{9AA9E4A9-1677-4521-837F-E4C4E3631F3C}.Debug|Any CPU.Build.0 = Debug|Any CPU
		{9AA9E4A9-1677-4521-837F-E4C4E3631F3C}.Release|Any CPU.ActiveCfg = Release|Any CPU
		{9AA9E4A9-1677-4521-837F-E4C4E3631F3C}.Release|Any CPU.Build.0 = Release|Any CPU
	EndGlobalSection
	GlobalSection(SolutionProperties) = preSolution
		HideSolutionNode = FALSE
	EndGlobalSection
EndGlobal
